// !$*UTF8*$!
{
	archiveVersion = 1;
	classes = {
	};
	objectVersion = 50;
	objects = {

/* Begin PBXBuildFile section */
		68B3F700216B3CF100CA3A15 /* BxForumReplyViewController.swift in Sources */ = {isa = PBXBuildFile; fileRef = 68B3F6FF216B3CF100CA3A15 /* BxForumReplyViewController.swift */; };
		68BCF8B82168AB4E0025D09F /* BxForumMessageViewController.swift in Sources */ = {isa = PBXBuildFile; fileRef = 68BCF8B72168AB4E0025D09F /* BxForumMessageViewController.swift */; };
		68D4F3BB215A34A5001128B2 /* AppDelegate.swift in Sources */ = {isa = PBXBuildFile; fileRef = 68D4F3BA215A34A5001128B2 /* AppDelegate.swift */; };
		68D4F3BD215A34A5001128B2 /* ViewController.swift in Sources */ = {isa = PBXBuildFile; fileRef = 68D4F3BC215A34A5001128B2 /* ViewController.swift */; };
		68D4F3C2215A34A6001128B2 /* Assets.xcassets in Resources */ = {isa = PBXBuildFile; fileRef = 68D4F3C1215A34A6001128B2 /* Assets.xcassets */; };
		68D4F3C5215A34A6001128B2 /* LaunchScreen.storyboard in Resources */ = {isa = PBXBuildFile; fileRef = 68D4F3C3215A34A6001128B2 /* LaunchScreen.storyboard */; };
		68D4F3CD215A4EDB001128B2 /* BxForumViewController.swift in Sources */ = {isa = PBXBuildFile; fileRef = 68D4F3CC215A4EDB001128B2 /* BxForumViewController.swift */; };
		68D4F3CF215A8C11001128B2 /* UserContext.swift in Sources */ = {isa = PBXBuildFile; fileRef = 68D4F3CE215A8C11001128B2 /* UserContext.swift */; };
		B9CD26CD085C3E7921A45063 /* Pods_BxForum.framework in Frameworks */ = {isa = PBXBuildFile; fileRef = 1033332B313A694D1A491BB8 /* Pods_BxForum.framework */; };
/* End PBXBuildFile section */

/* Begin PBXFileReference section */
		063874243560FE9E74CA65FF /* Pods-BxForum.debug.xcconfig */ = {isa = PBXFileReference; includeInIndex = 1; lastKnownFileType = text.xcconfig; name = "Pods-BxForum.debug.xcconfig"; path = "Pods/Target Support Files/Pods-BxForum/Pods-BxForum.debug.xcconfig"; sourceTree = "<group>"; };
		1033332B313A694D1A491BB8 /* Pods_BxForum.framework */ = {isa = PBXFileReference; explicitFileType = wrapper.framework; includeInIndex = 0; path = Pods_BxForum.framework; sourceTree = BUILT_PRODUCTS_DIR; };
		68B3F6FF216B3CF100CA3A15 /* BxForumReplyViewController.swift */ = {isa = PBXFileReference; lastKnownFileType = sourcecode.swift; path = BxForumReplyViewController.swift; sourceTree = "<group>"; };
		68BCF8B72168AB4E0025D09F /* BxForumMessageViewController.swift */ = {isa = PBXFileReference; lastKnownFileType = sourcecode.swift; path = BxForumMessageViewController.swift; sourceTree = "<group>"; };
		68D4F3B7215A34A5001128B2 /* BxForum.app */ = {isa = PBXFileReference; explicitFileType = wrapper.application; includeInIndex = 0; path = BxForum.app; sourceTree = BUILT_PRODUCTS_DIR; };
		68D4F3BA215A34A5001128B2 /* AppDelegate.swift */ = {isa = PBXFileReference; lastKnownFileType = sourcecode.swift; path = AppDelegate.swift; sourceTree = "<group>"; };
		68D4F3BC215A34A5001128B2 /* ViewController.swift */ = {isa = PBXFileReference; lastKnownFileType = sourcecode.swift; path = ViewController.swift; sourceTree = "<group>"; };
		68D4F3C1215A34A6001128B2 /* Assets.xcassets */ = {isa = PBXFileReference; lastKnownFileType = folder.assetcatalog; path = Assets.xcassets; sourceTree = "<group>"; };
		68D4F3C4215A34A6001128B2 /* Base */ = {isa = PBXFileReference; lastKnownFileType = file.storyboard; name = Base; path = Base.lproj/LaunchScreen.storyboard; sourceTree = "<group>"; };
		68D4F3C6215A34A6001128B2 /* Info.plist */ = {isa = PBXFileReference; lastKnownFileType = text.plist.xml; path = Info.plist; sourceTree = "<group>"; };
		68D4F3CC215A4EDB001128B2 /* BxForumViewController.swift */ = {isa = PBXFileReference; lastKnownFileType = sourcecode.swift; path = BxForumViewController.swift; sourceTree = "<group>"; };
		68D4F3CE215A8C11001128B2 /* UserContext.swift */ = {isa = PBXFileReference; lastKnownFileType = sourcecode.swift; path = UserContext.swift; sourceTree = "<group>"; };
		F08442BD64A7AF878724348B /* Pods-BxForum.release.xcconfig */ = {isa = PBXFileReference; includeInIndex = 1; lastKnownFileType = text.xcconfig; name = "Pods-BxForum.release.xcconfig"; path = "Pods/Target Support Files/Pods-BxForum/Pods-BxForum.release.xcconfig"; sourceTree = "<group>"; };
/* End PBXFileReference section */

/* Begin PBXFrameworksBuildPhase section */
		68D4F3B4215A34A5001128B2 /* Frameworks */ = {
			isa = PBXFrameworksBuildPhase;
			buildActionMask = 2147483647;
			files = (
				B9CD26CD085C3E7921A45063 /* Pods_BxForum.framework in Frameworks */,
			);
			runOnlyForDeploymentPostprocessing = 0;
		};
/* End PBXFrameworksBuildPhase section */

/* Begin PBXGroup section */
		68D4F3AE215A34A5001128B2 = {
			isa = PBXGroup;
			children = (
				68D4F3B9215A34A5001128B2 /* BxForum */,
				68D4F3B8215A34A5001128B2 /* Products */,
				D8F1B3CBBF86E29682AA08D9 /* Pods */,
				F39285936B82F90BA1B3821B /* Frameworks */,
			);
			sourceTree = "<group>";
		};
		68D4F3B8215A34A5001128B2 /* Products */ = {
			isa = PBXGroup;
			children = (
				68D4F3B7215A34A5001128B2 /* BxForum.app */,
			);
			name = Products;
			sourceTree = "<group>";
		};
		68D4F3B9215A34A5001128B2 /* BxForum */ = {
			isa = PBXGroup;
			children = (
				68D4F3BA215A34A5001128B2 /* AppDelegate.swift */,
				68D4F3BC215A34A5001128B2 /* ViewController.swift */,
				68D4F3C1215A34A6001128B2 /* Assets.xcassets */,
				68D4F3C3215A34A6001128B2 /* LaunchScreen.storyboard */,
				68D4F3C6215A34A6001128B2 /* Info.plist */,
				68D4F3CC215A4EDB001128B2 /* BxForumViewController.swift */,
				68BCF8B72168AB4E0025D09F /* BxForumMessageViewController.swift */,
				68B3F6FF216B3CF100CA3A15 /* BxForumReplyViewController.swift */,
				68D4F3CE215A8C11001128B2 /* UserContext.swift */,
			);
			path = BxForum;
			sourceTree = "<group>";
		};
		D8F1B3CBBF86E29682AA08D9 /* Pods */ = {
			isa = PBXGroup;
			children = (
				063874243560FE9E74CA65FF /* Pods-BxForum.debug.xcconfig */,
				F08442BD64A7AF878724348B /* Pods-BxForum.release.xcconfig */,
			);
			name = Pods;
			sourceTree = "<group>";
		};
		F39285936B82F90BA1B3821B /* Frameworks */ = {
			isa = PBXGroup;
			children = (
				1033332B313A694D1A491BB8 /* Pods_BxForum.framework */,
			);
			name = Frameworks;
			sourceTree = "<group>";
		};
/* End PBXGroup section */

/* Begin PBXNativeTarget section */
		68D4F3B6215A34A5001128B2 /* BxForum */ = {
			isa = PBXNativeTarget;
			buildConfigurationList = 68D4F3C9215A34A6001128B2 /* Build configuration list for PBXNativeTarget "BxForum" */;
			buildPhases = (
				D39AF56B45456DC78315AAE7 /* [CP] Check Pods Manifest.lock */,
				68D4F3B3215A34A5001128B2 /* Sources */,
				68D4F3B4215A34A5001128B2 /* Frameworks */,
				68D4F3B5215A34A5001128B2 /* Resources */,
				EE802934D83A43EE75FACFFC /* [CP] Embed Pods Frameworks */,
			);
			buildRules = (
			);
			dependencies = (
			);
			name = BxForum;
			productName = BxForum;
			productReference = 68D4F3B7215A34A5001128B2 /* BxForum.app */;
			productType = "com.apple.product-type.application";
		};
/* End PBXNativeTarget section */

/* Begin PBXProject section */
		68D4F3AF215A34A5001128B2 /* Project object */ = {
			isa = PBXProject;
			attributes = {
				LastSwiftUpdateCheck = 1000;
				LastUpgradeCheck = 1000;
				ORGANIZATIONNAME = Mars;
				TargetAttributes = {
					68D4F3B6215A34A5001128B2 = {
						CreatedOnToolsVersion = 10.0;
					};
				};
			};
			buildConfigurationList = 68D4F3B2215A34A5001128B2 /* Build configuration list for PBXProject "BxForum" */;
			compatibilityVersion = "Xcode 9.3";
			developmentRegion = en;
			hasScannedForEncodings = 0;
			knownRegions = (
				en,
				Base,
			);
			mainGroup = 68D4F3AE215A34A5001128B2;
			productRefGroup = 68D4F3B8215A34A5001128B2 /* Products */;
			projectDirPath = "";
			projectRoot = "";
			targets = (
				68D4F3B6215A34A5001128B2 /* BxForum */,
			);
		};
/* End PBXProject section */

/* Begin PBXResourcesBuildPhase section */
		68D4F3B5215A34A5001128B2 /* Resources */ = {
			isa = PBXResourcesBuildPhase;
			buildActionMask = 2147483647;
			files = (
				68D4F3C5215A34A6001128B2 /* LaunchScreen.storyboard in Resources */,
				68D4F3C2215A34A6001128B2 /* Assets.xcassets in Resources */,
			);
			runOnlyForDeploymentPostprocessing = 0;
		};
/* End PBXResourcesBuildPhase section */

/* Begin PBXShellScriptBuildPhase section */
		D39AF56B45456DC78315AAE7 /* [CP] Check Pods Manifest.lock */ = {
			isa = PBXShellScriptBuildPhase;
			buildActionMask = 2147483647;
			files = (
			);
			inputPaths = (
				"${PODS_PODFILE_DIR_PATH}/Podfile.lock",
				"${PODS_ROOT}/Manifest.lock",
			);
			name = "[CP] Check Pods Manifest.lock";
			outputPaths = (
				"$(DERIVED_FILE_DIR)/Pods-BxForum-checkManifestLockResult.txt",
			);
			runOnlyForDeploymentPostprocessing = 0;
			shellPath = /bin/sh;
			shellScript = "diff \"${PODS_PODFILE_DIR_PATH}/Podfile.lock\" \"${PODS_ROOT}/Manifest.lock\" > /dev/null\nif [ $? != 0 ] ; then\n    # print error to STDERR\n    echo \"error: The sandbox is not in sync with the Podfile.lock. Run 'pod install' or update your CocoaPods installation.\" >&2\n    exit 1\nfi\n# This output is used by Xcode 'outputs' to avoid re-running this script phase.\necho \"SUCCESS\" > \"${SCRIPT_OUTPUT_FILE_0}\"\n";
			showEnvVarsInLog = 0;
		};
		EE802934D83A43EE75FACFFC /* [CP] Embed Pods Frameworks */ = {
			isa = PBXShellScriptBuildPhase;
			buildActionMask = 2147483647;
			files = (
			);
			inputPaths = (
				"${SRCROOT}/Pods/Target Support Files/Pods-BxForum/Pods-BxForum-frameworks.sh",
				"${BUILT_PRODUCTS_DIR}/PromiseKit/PromiseKit.framework",
			);
			name = "[CP] Embed Pods Frameworks";
			outputPaths = (
				"${TARGET_BUILD_DIR}/${FRAMEWORKS_FOLDER_PATH}/PromiseKit.framework",
			);
			runOnlyForDeploymentPostprocessing = 0;
			shellPath = /bin/sh;
			shellScript = "\"${SRCROOT}/Pods/Target Support Files/Pods-BxForum/Pods-BxForum-frameworks.sh\"\n";
			showEnvVarsInLog = 0;
		};
/* End PBXShellScriptBuildPhase section */

/* Begin PBXSourcesBuildPhase section */
		68D4F3B3215A34A5001128B2 /* Sources */ = {
			isa = PBXSourcesBuildPhase;
			buildActionMask = 2147483647;
			files = (
				68D4F3CF215A8C11001128B2 /* UserContext.swift in Sources */,
				68D4F3CD215A4EDB001128B2 /* BxForumViewController.swift in Sources */,
				68BCF8B82168AB4E0025D09F /* BxForumMessageViewController.swift in Sources */,
				68D4F3BD215A34A5001128B2 /* ViewController.swift in Sources */,
				68B3F700216B3CF100CA3A15 /* BxForumReplyViewController.swift in Sources */,
				68D4F3BB215A34A5001128B2 /* AppDelegate.swift in Sources */,
			);
			runOnlyForDeploymentPostprocessing = 0;
		};
/* End PBXSourcesBuildPhase section */

/* Begin PBXVariantGroup section */
		68D4F3C3215A34A6001128B2 /* LaunchScreen.storyboard */ = {
			isa = PBXVariantGroup;
			children = (
				68D4F3C4215A34A6001128B2 /* Base */,
			);
			name = LaunchScreen.storyboard;
			sourceTree = "<group>";
		};
/* End PBXVariantGroup section */

/* Begin XCBuildConfiguration section */
		68D4F3C7215A34A6001128B2 /* Debug */ = {
			isa = XCBuildConfiguration;
			buildSettings = {
				ALWAYS_SEARCH_USER_PATHS = NO;
				CLANG_ANALYZER_NONNULL = YES;
				CLANG_ANALYZER_NUMBER_OBJECT_CONVERSION = YES_AGGRESSIVE;
				CLANG_CXX_LANGUAGE_STANDARD = "gnu++14";
				CLANG_CXX_LIBRARY = "libc++";
				CLANG_ENABLE_MODULES = YES;
				CLANG_ENABLE_OBJC_ARC = YES;
				CLANG_ENABLE_OBJC_WEAK = YES;
				CLANG_WARN_BLOCK_CAPTURE_AUTORELEASING = YES;
				CLANG_WARN_BOOL_CONVERSION = YES;
				CLANG_WARN_COMMA = YES;
				CLANG_WARN_CONSTANT_CONVERSION = YES;
				CLANG_WARN_DEPRECATED_OBJC_IMPLEMENTATIONS = YES;
				CLANG_WARN_DIRECT_OBJC_ISA_USAGE = YES_ERROR;
				CLANG_WARN_DOCUMENTATION_COMMENTS = YES;
				CLANG_WARN_EMPTY_BODY = YES;
				CLANG_WARN_ENUM_CONVERSION = YES;
				CLANG_WARN_INFINITE_RECURSION = YES;
				CLANG_WARN_INT_CONVERSION = YES;
				CLANG_WARN_NON_LITERAL_NULL_CONVERSION = YES;
				CLANG_WARN_OBJC_IMPLICIT_RETAIN_SELF = YES;
				CLANG_WARN_OBJC_LITERAL_CONVERSION = YES;
				CLANG_WARN_OBJC_ROOT_CLASS = YES_ERROR;
				CLANG_WARN_RANGE_LOOP_ANALYSIS = YES;
				CLANG_WARN_STRICT_PROTOTYPES = YES;
				CLANG_WARN_SUSPICIOUS_MOVE = YES;
				CLANG_WARN_UNGUARDED_AVAILABILITY = YES_AGGRESSIVE;
				CLANG_WARN_UNREACHABLE_CODE = YES;
				CLANG_WARN__DUPLICATE_METHOD_MATCH = YES;
				CODE_SIGN_IDENTITY = "iPhone Developer";
				COPY_PHASE_STRIP = NO;
				DEBUG_INFORMATION_FORMAT = dwarf;
				ENABLE_STRICT_OBJC_MSGSEND = YES;
				ENABLE_TESTABILITY = YES;
				GCC_C_LANGUAGE_STANDARD = gnu11;
				GCC_DYNAMIC_NO_PIC = NO;
				GCC_NO_COMMON_BLOCKS = YES;
				GCC_OPTIMIZATION_LEVEL = 0;
				GCC_PREPROCESSOR_DEFINITIONS = (
					"DEBUG=1",
					"$(inherited)",
				);
				GCC_WARN_64_TO_32_BIT_CONVERSION = YES;
				GCC_WARN_ABOUT_RETURN_TYPE = YES_ERROR;
				GCC_WARN_UNDECLARED_SELECTOR = YES;
				GCC_WARN_UNINITIALIZED_AUTOS = YES_AGGRESSIVE;
				GCC_WARN_UNUSED_FUNCTION = YES;
				GCC_WARN_UNUSED_VARIABLE = YES;
				IPHONEOS_DEPLOYMENT_TARGET = 12.0;
				MTL_ENABLE_DEBUG_INFO = INCLUDE_SOURCE;
				MTL_FAST_MATH = YES;
				ONLY_ACTIVE_ARCH = YES;
				SDKROOT = iphoneos;
				SWIFT_ACTIVE_COMPILATION_CONDITIONS = DEBUG;
				SWIFT_OPTIMIZATION_LEVEL = "-Onone";
			};
			name = Debug;
		};
		68D4F3C8215A34A6001128B2 /* Release */ = {
			isa = XCBuildConfiguration;
			buildSettings = {
				ALWAYS_SEARCH_USER_PATHS = NO;
				CLANG_ANALYZER_NONNULL = YES;
				CLANG_ANALYZER_NUMBER_OBJECT_CONVERSION = YES_AGGRESSIVE;
				CLANG_CXX_LANGUAGE_STANDARD = "gnu++14";
				CLANG_CXX_LIBRARY = "libc++";
				CLANG_ENABLE_MODULES = YES;
				CLANG_ENABLE_OBJC_ARC = YES;
				CLANG_ENABLE_OBJC_WEAK = YES;
				CLANG_WARN_BLOCK_CAPTURE_AUTORELEASING = YES;
				CLANG_WARN_BOOL_CONVERSION = YES;
				CLANG_WARN_COMMA = YES;
				CLANG_WARN_CONSTANT_CONVERSION = YES;
				CLANG_WARN_DEPRECATED_OBJC_IMPLEMENTATIONS = YES;
				CLANG_WARN_DIRECT_OBJC_ISA_USAGE = YES_ERROR;
				CLANG_WARN_DOCUMENTATION_COMMENTS = YES;
				CLANG_WARN_EMPTY_BODY = YES;
				CLANG_WARN_ENUM_CONVERSION = YES;
				CLANG_WARN_INFINITE_RECURSION = YES;
				CLANG_WARN_INT_CONVERSION = YES;
				CLANG_WARN_NON_LITERAL_NULL_CONVERSION = YES;
				CLANG_WARN_OBJC_IMPLICIT_RETAIN_SELF = YES;
				CLANG_WARN_OBJC_LITERAL_CONVERSION = YES;
				CLANG_WARN_OBJC_ROOT_CLASS = YES_ERROR;
				CLANG_WARN_RANGE_LOOP_ANALYSIS = YES;
				CLANG_WARN_STRICT_PROTOTYPES = YES;
				CLANG_WARN_SUSPICIOUS_MOVE = YES;
				CLANG_WARN_UNGUARDED_AVAILABILITY = YES_AGGRESSIVE;
				CLANG_WARN_UNREACHABLE_CODE = YES;
				CLANG_WARN__DUPLICATE_METHOD_MATCH = YES;
				CODE_SIGN_IDENTITY = "iPhone Developer";
				COPY_PHASE_STRIP = NO;
				DEBUG_INFORMATION_FORMAT = "dwarf-with-dsym";
				ENABLE_NS_ASSERTIONS = NO;
				ENABLE_STRICT_OBJC_MSGSEND = YES;
				GCC_C_LANGUAGE_STANDARD = gnu11;
				GCC_NO_COMMON_BLOCKS = YES;
				GCC_WARN_64_TO_32_BIT_CONVERSION = YES;
				GCC_WARN_ABOUT_RETURN_TYPE = YES_ERROR;
				GCC_WARN_UNDECLARED_SELECTOR = YES;
				GCC_WARN_UNINITIALIZED_AUTOS = YES_AGGRESSIVE;
				GCC_WARN_UNUSED_FUNCTION = YES;
				GCC_WARN_UNUSED_VARIABLE = YES;
				IPHONEOS_DEPLOYMENT_TARGET = 12.0;
				MTL_ENABLE_DEBUG_INFO = NO;
				MTL_FAST_MATH = YES;
				SDKROOT = iphoneos;
				SWIFT_COMPILATION_MODE = wholemodule;
				SWIFT_OPTIMIZATION_LEVEL = "-O";
				VALIDATE_PRODUCT = YES;
			};
			name = Release;
		};
		68D4F3CA215A34A6001128B2 /* Debug */ = {
			isa = XCBuildConfiguration;
			baseConfigurationReference = 063874243560FE9E74CA65FF /* Pods-BxForum.debug.xcconfig */;
			buildSettings = {
				ASSETCATALOG_COMPILER_APPICON_NAME = AppIcon;
				CODE_SIGN_STYLE = Automatic;
				DEVELOPMENT_TEAM = 9DJEBF62S3;
				INFOPLIST_FILE = BxForum/Info.plist;
				LD_RUNPATH_SEARCH_PATHS = (
					"$(inherited)",
					"@executable_path/Frameworks",
				);
				PRODUCT_BUNDLE_IDENTIFIER = bx.BxForum;
				PRODUCT_NAME = "$(TARGET_NAME)";
				SWIFT_VERSION = 4.2;
				TARGETED_DEVICE_FAMILY = "1,2";
			};
			name = Debug;
		};
		68D4F3CB215A34A6001128B2 /* Release */ = {
			isa = XCBuildConfiguration;
			baseConfigurationReference = F08442BD64A7AF878724348B /* Pods-BxForum.release.xcconfig */;
			buildSettings = {
				ASSETCATALOG_COMPILER_APPICON_NAME = AppIcon;
				CODE_SIGN_STYLE = Automatic;
				DEVELOPMENT_TEAM = 9DJEBF62S3;
				INFOPLIST_FILE = BxForum/Info.plist;
				LD_RUNPATH_SEARCH_PATHS = (
					"$(inherited)",
					"@executable_path/Frameworks",
				);
				PRODUCT_BUNDLE_IDENTIFIER = bx.BxForum;
				PRODUCT_NAME = "$(TARGET_NAME)";
				SWIFT_VERSION = 4.2;
				TARGETED_DEVICE_FAMILY = "1,2";
			};
			name = Release;
		};
/* End XCBuildConfiguration section */

/* Begin XCConfigurationList section */
		68D4F3B2215A34A5001128B2 /* Build configuration list for PBXProject "BxForum" */ = {
			isa = XCConfigurationList;
			buildConfigurations = (
				68D4F3C7215A34A6001128B2 /* Debug */,
				68D4F3C8215A34A6001128B2 /* Release */,
			);
			defaultConfigurationIsVisible = 0;
			defaultConfigurationName = Release;
		};
		68D4F3C9215A34A6001128B2 /* Build configuration list for PBXNativeTarget "BxForum" */ = {
			isa = XCConfigurationList;
			buildConfigurations = (
				68D4F3CA215A34A6001128B2 /* Debug */,
				68D4F3CB215A34A6001128B2 /* Release */,
			);
			defaultConfigurationIsVisible = 0;
			defaultConfigurationName = Release;
		};
/* End XCConfigurationList section */
	};
	rootObject = 68D4F3AF215A34A5001128B2 /* Project object */;
}
